
Microsoft Visual Studio Solution File, Format Version 12.00
# Visual Studio Version 16
VisualStudioVersion = 16.0.30621.155
MinimumVisualStudioVersion = 10.0.40219.1
Project("{888888A0-9F3D-457C-B088-3A5042F75D52}") = "hcc-rightsize", "hcc-rightsize.pyproj", "{E12FED0C-E054-4CBF-8038-1F2E38F4833C}"
EndProject
Global
	GlobalSection(SolutionConfigurationPlatforms) = preSolution
		Debug|Any CPU = Debug|Any CPU
		Release|Any CPU = Release|Any CPU
	EndGlobalSection
	GlobalSection(ProjectConfigurationPlatforms) = postSolution
		{E12FED0C-E054-4CBF-8038-1F2E38F4833C}.Debug|Any CPU.ActiveCfg = Debug|Any CPU
		{E12FED0C-E054-4CBF-8038-1F2E38F4833C}.Debug|Any CPU.Build.0 = Debug|Any CPU
		{E12FED0C-E054-4CBF-8038-1F2E38F4833C}.Release|Any CPU.ActiveCfg = Release|Any CPU
		{E12FED0C-E054-4CBF-8038-1F2E38F4833C}.Release|Any CPU.Build.0 = Release|Any CPU
	EndGlobalSection
	GlobalSection(SolutionProperties) = preSolution
		HideSolutionNode = FALSE
	EndGlobalSection
	GlobalSection(ExtensibilityGlobals) = postSolution
		SolutionGuid = {E56BCD4F-920E-435E-902C-FD3C51EE582B}
	EndGlobalSection
EndGlobal
